
Microsoft Visual Studio Solution File, Format Version 12.00
# Visual Studio 15
VisualStudioVersion = 15.0.27130.2020
MinimumVisualStudioVersion = 10.0.40219.1
Project("{FAE04EC0-301F-11D3-BF4B-00C04F79EFBC}") = "Dice.Main", "Dice.Main\Dice.Main.csproj", "{9267F840-497A-4C5C-8960-C699E3D178D2}"
EndProject
Project("{FAE04EC0-301F-11D3-BF4B-00C04F79EFBC}") = "Dice.Core", "Dice.Core\Dice.Core.csproj", "{135E5E90-3D99-4D6C-A4AD-C489DC96F494}"
EndProject
Global
	GlobalSection(SolutionConfigurationPlatforms) = preSolution
		Debug|Any CPU = Debug|Any CPU
		Release|Any CPU = Release|Any CPU
	EndGlobalSection
	GlobalSection(ProjectConfigurationPlatforms) = postSolution
		{9267F840-497A-4C5C-8960-C699E3D178D2}.Debug|Any CPU.ActiveCfg = Debug|Any CPU
		{9267F840-497A-4C5C-8960-C699E3D178D2}.Debug|Any CPU.Build.0 = Debug|Any CPU
		{9267F840-497A-4C5C-8960-C699E3D178D2}.Release|Any CPU.ActiveCfg = Release|Any CPU
		{9267F840-497A-4C5C-8960-C699E3D178D2}.Release|Any CPU.Build.0 = Release|Any CPU
		{135E5E90-3D99-4D6C-A4AD-C489DC96F494}.Debug|Any CPU.ActiveCfg = Debug|Any CPU
		{135E5E90-3D99-4D6C-A4AD-C489DC96F494}.Debug|Any CPU.Build.0 = Debug|Any CPU
		{135E5E90-3D99-4D6C-A4AD-C489DC96F494}.Release|Any CPU.ActiveCfg = Release|Any CPU
		{135E5E90-3D99-4D6C-A4AD-C489DC96F494}.Release|Any CPU.Build.0 = Release|Any CPU
	EndGlobalSection
	GlobalSection(SolutionProperties) = preSolution
		HideSolutionNode = FALSE
	EndGlobalSection
	GlobalSection(ExtensibilityGlobals) = postSolution
		SolutionGuid = {835A61FF-5FA0-455D-8A7A-61883B0E22BB}
	EndGlobalSection
EndGlobal
